
Microsoft Visual Studio Solution File, Format Version 12.00
# Visual Studio Version 17
VisualStudioVersion = 17.1.32328.378
MinimumVisualStudioVersion = 10.0.40219.1
Project("{FAE04EC0-301F-11D3-BF4B-00C04F79EFBC}") = "CRUDLeonardoMVC", "CRUDLeonardoMVC\CRUDLeonardoMVC.csproj", "{618DA05D-9B7F-4A88-BF4C-2D8BD79C5F55}"
EndProject
Global
	GlobalSection(SolutionConfigurationPlatforms) = preSolution
		Debug|Any CPU = Debug|Any CPU
		Release|Any CPU = Release|Any CPU
	EndGlobalSection
	GlobalSection(ProjectConfigurationPlatforms) = postSolution
		{618DA05D-9B7F-4A88-BF4C-2D8BD79C5F55}.Debug|Any CPU.ActiveCfg = Debug|Any CPU
		{618DA05D-9B7F-4A88-BF4C-2D8BD79C5F55}.Debug|Any CPU.Build.0 = Debug|Any CPU
		{618DA05D-9B7F-4A88-BF4C-2D8BD79C5F55}.Release|Any CPU.ActiveCfg = Release|Any CPU
		{618DA05D-9B7F-4A88-BF4C-2D8BD79C5F55}.Release|Any CPU.Build.0 = Release|Any CPU
	EndGlobalSection
	GlobalSection(SolutionProperties) = preSolution
		HideSolutionNode = FALSE
	EndGlobalSection
	GlobalSection(ExtensibilityGlobals) = postSolution
		SolutionGuid = {EF929CA9-507D-4DD6-865A-B78C963D731E}
	EndGlobalSection
EndGlobal
